
Microsoft Visual Studio Solution File, Format Version 12.00
# Visual Studio Version 17
VisualStudioVersion = 17.0.31912.275
MinimumVisualStudioVersion = 10.0.40219.1
Project("{9A19103F-16F7-4668-BE54-9A1E7A4F7556}") = "opgave4-60-5-RekursiveMetoder", "opgave4-60-5-RekursiveMetoder\opgave4-60-5-RekursiveMetoder.csproj", "{8B16AA97-E0A7-4A7F-9295-D1E4D327444C}"
EndProject
Project("{9A19103F-16F7-4668-BE54-9A1E7A4F7556}") = "opgave5-65-2", "opgave5-65-2\opgave5-65-2.csproj", "{EA527C2E-7623-4AD1-BDB5-6A80DF4AC9CC}"
EndProject
Project("{9A19103F-16F7-4668-BE54-9A1E7A4F7556}") = "Opgave6-80-3-klasseDerReplæsentereEtBægerAFTerninger", "Opgave6-80-3-klasseDerReplæsentereEtBægerAFTerninger\Opgave6-80-3-klasseDerReplæsentereEtBægerAFTerninger.csproj", "{7366C825-D10F-414A-A44E-E64CF2F013DE}"
EndProject
Project("{9A19103F-16F7-4668-BE54-9A1E7A4F7556}") = "callbackEvent", "callbackEvent\callbackEvent.csproj", "{18508024-B031-48FA-BECF-C82355893EC9}"
EndProject
Project("{9A19103F-16F7-4668-BE54-9A1E7A4F7556}") = "TestNull", "TestNull\TestNull.csproj", "{125FBD83-C05E-4A68-A125-E742DF7DDD34}"
EndProject
Project("{9A19103F-16F7-4668-BE54-9A1E7A4F7556}") = "Opgave7-90-1-TerningMedEgenskaber", "Opgave7-90-1-TerningMedEgenskaber\Opgave7-90-1-TerningMedEgenskaber.csproj", "{578144D2-DD6C-431B-BC9C-163BEC0DC279}"
EndProject
Project("{9A19103F-16F7-4668-BE54-9A1E7A4F7556}") = "opgave8-90-5-AutomatiskeEgenskaber(terning)", "opgave8-90-5-AutomatiskeEgenskaber(terning)\opgave8-90-5-AutomatiskeEgenskaber(terning).csproj", "{2FA7FEB3-07A5-4A4F-BFC1-F40AE2BE00A5}"
EndProject
Project("{9A19103F-16F7-4668-BE54-9A1E7A4F7556}") = "reflection", "reflection\reflection.csproj", "{7728A22D-EB30-4591-B85F-19ECB6E973C3}"
EndProject
Project("{9A19103F-16F7-4668-BE54-9A1E7A4F7556}") = "readFileCSV", "readFileCSV\readFileCSV.csproj", "{37650539-A589-4E6A-9DB6-C7D9DAAD435F}"
EndProject
Project("{9A19103F-16F7-4668-BE54-9A1E7A4F7556}") = "rod2", "rod2\rod2.csproj", "{C81893F3-903D-4659-BB12-FCEBDE995A5E}"
EndProject
Project("{9A19103F-16F7-4668-BE54-9A1E7A4F7556}") = "rod3", "rod3\rod3.csproj", "{C3B6A404-90D8-4735-A426-77BA43E7A61A}"
EndProject
Project("{9A19103F-16F7-4668-BE54-9A1E7A4F7556}") = "Opgave1-RegneMaskine", "Opgave1\Opgave1-RegneMaskine.csproj", "{7BDA6C5E-981A-41F0-B665-8B9A74788DD7}"
EndProject
Project("{9A19103F-16F7-4668-BE54-9A1E7A4F7556}") = "Opgave2-BrugAfDataTimeOgTimeSpan", "Opgave2-BrugAfDataTimeOgTimeSpan\Opgave2-BrugAfDataTimeOgTimeSpan.csproj", "{4A844C70-0F42-4716-A9EB-02DE11E3A473}"
EndProject
Project("{9A19103F-16F7-4668-BE54-9A1E7A4F7556}") = "opgave3-48-1-BrugAfVariabler", "opgave3-BrugAfVariabler\opgave3-48-1-BrugAfVariabler.csproj", "{FBA9572A-E742-4D49-AADE-5C30633A4F6B}"
EndProject
Project("{9A19103F-16F7-4668-BE54-9A1E7A4F7556}") = "rod", "rod\rod.csproj", "{FBD2F04A-2174-4565-A16A-8D45819624B9}"
EndProject
Project("{9A19103F-16F7-4668-BE54-9A1E7A4F7556}") = "Day3", "Day3\Day3.csproj", "{BC26B094-B431-46F9-8856-E021B068563E}"
EndProject
Project("{FAE04EC0-301F-11D3-BF4B-00C04F79EFBC}") = "day3-1", "day3-1\day3-1.csproj", "{2C0449C5-262C-4503-BCBF-F576A5CB22BA}"
EndProject
Project("{FAE04EC0-301F-11D3-BF4B-00C04F79EFBC}") = "polypofi", "polypofi\polypofi.csproj", "{54C81F65-D2C3-4D69-97C6-C90BCC41ED22}"
EndProject
Project("{FAE04EC0-301F-11D3-BF4B-00C04F79EFBC}") = "polymofi2", "polymofi2\polymofi2.csproj", "{B729A028-7EEE-49F7-A228-5010A285C145}"
EndProject
Project("{FAE04EC0-301F-11D3-BF4B-00C04F79EFBC}") = "polypomif3", "polypomif3\polypomif3.csproj", "{3F6D5515-80E5-484F-A552-B29D53AFB179}"
EndProject
Project("{FAE04EC0-301F-11D3-BF4B-00C04F79EFBC}") = "polymofi4", "polymofi4\polymofi4.csproj", "{A4B08ED8-5F41-464A-A626-A6824F100021}"
EndProject
Project("{FAE04EC0-301F-11D3-BF4B-00C04F79EFBC}") = "WinFormsApp1", "WinFormsApp1\WinFormsApp1.csproj", "{615D0F44-C4A7-4C8D-BAC3-CE244FE0615C}"
EndProject
Project("{FAE04EC0-301F-11D3-BF4B-00C04F79EFBC}") = "interface", "interface\interface.csproj", "{9CD0EF9E-8233-47D1-9008-819322C2DF09}"
EndProject
Project("{FAE04EC0-301F-11D3-BF4B-00C04F79EFBC}") = "Deconstruktor1", "Deconstruktor1\Deconstruktor1.csproj", "{A13D6DB3-90A4-402A-A4FB-F6F22E149CC6}"
EndProject
Project("{FAE04EC0-301F-11D3-BF4B-00C04F79EFBC}") = "DependensiIndektion", "DependensiIndektion\DependensiIndektion.csproj", "{AEEE32C6-2925-4311-8EE3-2BFEFE289944}"
EndProject
Project("{FAE04EC0-301F-11D3-BF4B-00C04F79EFBC}") = "Delegate", "Delegate\Delegate.csproj", "{1A8EBEAA-65A2-4853-AFCA-95173535584C}"
EndProject
Project("{FAE04EC0-301F-11D3-BF4B-00C04F79EFBC}") = "Opgave9-120-1-SimpleOpgaveIDelegate", "Opgave9-120-1-SimpleOpgaveIDelegate\Opgave9-120-1-SimpleOpgaveIDelegate.csproj", "{CA0DAD70-67DC-4D82-B1C1-42597D944358}"
EndProject
Project("{FAE04EC0-301F-11D3-BF4B-00C04F79EFBC}") = "Opgave10-120-2-SimpelRegneMaskineRåDelegates", "Opgave10-120-2-SimpelRegneMaskineRåDelegates\Opgave10-120-2-SimpelRegneMaskineRåDelegates.csproj", "{E9BD9FD1-1731-4DFD-8A0A-777F75C04D38}"
EndProject
Project("{FAE04EC0-301F-11D3-BF4B-00C04F79EFBC}") = "Day3-ActionFunc", "Day3-ActionFunc\Day3-ActionFunc.csproj", "{CF746F05-8823-4EB1-80B7-300A08899C9D}"
EndProject
Project("{FAE04EC0-301F-11D3-BF4B-00C04F79EFBC}") = "Opgave10-120-4-DelegatesLog", "Opgave10-120-4-DelegatesLog\Opgave10-120-4-DelegatesLog.csproj", "{491CB1A4-7F1C-428B-BE09-A31F6042FE84}"
EndProject
Project("{FAE04EC0-301F-11D3-BF4B-00C04F79EFBC}") = "day3-lambda", "day3-lambda\day3-lambda.csproj", "{6CA50D1B-14F8-48E0-AB30-BFCB4F1B366B}"
EndProject
Project("{FAE04EC0-301F-11D3-BF4B-00C04F79EFBC}") = "opgave12-120-7-BrugAfLambda", "opgave12-120-7-BrugAfLambda\opgave12-120-7-BrugAfLambda.csproj", "{6B66FEEF-180F-4501-A2C6-D1EFA7854548}"
EndProject
Project("{FAE04EC0-301F-11D3-BF4B-00C04F79EFBC}") = "Day3-linq", "Day3-linq\Day3-linq.csproj", "{A04FEDA3-0FD6-45C9-8178-C8F0165A0900}"
EndProject
Project("{FAE04EC0-301F-11D3-BF4B-00C04F79EFBC}") = "Opgave150-2-LinqMedObjecter", "Opgave150-2-LinqMedObjecter\Opgave150-2-LinqMedObjecter.csproj", "{AFFC13F7-2F5C-4BF9-8E98-D4B48041CA31}"
EndProject
Project("{FAE04EC0-301F-11D3-BF4B-00C04F79EFBC}") = "Day3-AsynkronProgramering", "Day3-AsynkronProgramering\Day3-AsynkronProgramering.csproj", "{4DF5F62C-06A4-4932-8470-9E71D89E95A8}"
EndProject
Project("{FAE04EC0-301F-11D3-BF4B-00C04F79EFBC}") = "Day3-AsynkronProgramering-vers2", "Day3-AsynkronProgramering-vers2\Day3-AsynkronProgramering-vers2.csproj", "{50953D0D-BD9A-4F62-B2AE-0F0565DAD273}"
EndProject
Project("{FAE04EC0-301F-11D3-BF4B-00C04F79EFBC}") = "Day3-AsynkronProgramering-vers3", "Day3-AsynkronProgramering-vers3\Day3-AsynkronProgramering-vers3.csproj", "{8B66EC6A-8335-4159-8105-A461920E7934}"
EndProject
Project("{FAE04EC0-301F-11D3-BF4B-00C04F79EFBC}") = "Day3-AsynkronProgramering-vers4", "Day3-AsynkronProgramering-vers4\Day3-AsynkronProgramering-vers4.csproj", "{F97F5EA9-25FA-4CE2-8CDE-17C63F0CFAA8}"
EndProject
Global
	GlobalSection(SolutionConfigurationPlatforms) = preSolution
		Debug|Any CPU = Debug|Any CPU
		Release|Any CPU = Release|Any CPU
	EndGlobalSection
	GlobalSection(ProjectConfigurationPlatforms) = postSolution
		{8B16AA97-E0A7-4A7F-9295-D1E4D327444C}.Debug|Any CPU.ActiveCfg = Debug|Any CPU
		{8B16AA97-E0A7-4A7F-9295-D1E4D327444C}.Debug|Any CPU.Build.0 = Debug|Any CPU
		{8B16AA97-E0A7-4A7F-9295-D1E4D327444C}.Release|Any CPU.ActiveCfg = Release|Any CPU
		{8B16AA97-E0A7-4A7F-9295-D1E4D327444C}.Release|Any CPU.Build.0 = Release|Any CPU
		{EA527C2E-7623-4AD1-BDB5-6A80DF4AC9CC}.Debug|Any CPU.ActiveCfg = Debug|Any CPU
		{EA527C2E-7623-4AD1-BDB5-6A80DF4AC9CC}.Debug|Any CPU.Build.0 = Debug|Any CPU
		{EA527C2E-7623-4AD1-BDB5-6A80DF4AC9CC}.Release|Any CPU.ActiveCfg = Release|Any CPU
		{EA527C2E-7623-4AD1-BDB5-6A80DF4AC9CC}.Release|Any CPU.Build.0 = Release|Any CPU
		{7366C825-D10F-414A-A44E-E64CF2F013DE}.Debug|Any CPU.ActiveCfg = Debug|Any CPU
		{7366C825-D10F-414A-A44E-E64CF2F013DE}.Debug|Any CPU.Build.0 = Debug|Any CPU
		{7366C825-D10F-414A-A44E-E64CF2F013DE}.Release|Any CPU.ActiveCfg = Release|Any CPU
		{7366C825-D10F-414A-A44E-E64CF2F013DE}.Release|Any CPU.Build.0 = Release|Any CPU
		{18508024-B031-48FA-BECF-C82355893EC9}.Debug|Any CPU.ActiveCfg = Debug|Any CPU
		{18508024-B031-48FA-BECF-C82355893EC9}.Debug|Any CPU.Build.0 = Debug|Any CPU
		{18508024-B031-48FA-BECF-C82355893EC9}.Release|Any CPU.ActiveCfg = Release|Any CPU
		{18508024-B031-48FA-BECF-C82355893EC9}.Release|Any CPU.Build.0 = Release|Any CPU
		{125FBD83-C05E-4A68-A125-E742DF7DDD34}.Debug|Any CPU.ActiveCfg = Debug|Any CPU
		{125FBD83-C05E-4A68-A125-E742DF7DDD34}.Debug|Any CPU.Build.0 = Debug|Any CPU
		{125FBD83-C05E-4A68-A125-E742DF7DDD34}.Release|Any CPU.ActiveCfg = Release|Any CPU
		{125FBD83-C05E-4A68-A125-E742DF7DDD34}.Release|Any CPU.Build.0 = Release|Any CPU
		{578144D2-DD6C-431B-BC9C-163BEC0DC279}.Debug|Any CPU.ActiveCfg = Debug|Any CPU
		{578144D2-DD6C-431B-BC9C-163BEC0DC279}.Debug|Any CPU.Build.0 = Debug|Any CPU
		{578144D2-DD6C-431B-BC9C-163BEC0DC279}.Release|Any CPU.ActiveCfg = Release|Any CPU
		{578144D2-DD6C-431B-BC9C-163BEC0DC279}.Release|Any CPU.Build.0 = Release|Any CPU
		{2FA7FEB3-07A5-4A4F-BFC1-F40AE2BE00A5}.Debug|Any CPU.ActiveCfg = Debug|Any CPU
		{2FA7FEB3-07A5-4A4F-BFC1-F40AE2BE00A5}.Debug|Any CPU.Build.0 = Debug|Any CPU
		{2FA7FEB3-07A5-4A4F-BFC1-F40AE2BE00A5}.Release|Any CPU.ActiveCfg = Release|Any CPU
		{2FA7FEB3-07A5-4A4F-BFC1-F40AE2BE00A5}.Release|Any CPU.Build.0 = Release|Any CPU
		{7728A22D-EB30-4591-B85F-19ECB6E973C3}.Debug|Any CPU.ActiveCfg = Debug|Any CPU
		{7728A22D-EB30-4591-B85F-19ECB6E973C3}.Debug|Any CPU.Build.0 = Debug|Any CPU
		{7728A22D-EB30-4591-B85F-19ECB6E973C3}.Release|Any CPU.ActiveCfg = Release|Any CPU
		{7728A22D-EB30-4591-B85F-19ECB6E973C3}.Release|Any CPU.Build.0 = Release|Any CPU
		{37650539-A589-4E6A-9DB6-C7D9DAAD435F}.Debug|Any CPU.ActiveCfg = Debug|Any CPU
		{37650539-A589-4E6A-9DB6-C7D9DAAD435F}.Debug|Any CPU.Build.0 = Debug|Any CPU
		{37650539-A589-4E6A-9DB6-C7D9DAAD435F}.Release|Any CPU.ActiveCfg = Release|Any CPU
		{37650539-A589-4E6A-9DB6-C7D9DAAD435F}.Release|Any CPU.Build.0 = Release|Any CPU
		{C81893F3-903D-4659-BB12-FCEBDE995A5E}.Debug|Any CPU.ActiveCfg = Debug|Any CPU
		{C81893F3-903D-4659-BB12-FCEBDE995A5E}.Debug|Any CPU.Build.0 = Debug|Any CPU
		{C81893F3-903D-4659-BB12-FCEBDE995A5E}.Release|Any CPU.ActiveCfg = Release|Any CPU
		{C81893F3-903D-4659-BB12-FCEBDE995A5E}.Release|Any CPU.Build.0 = Release|Any CPU
		{C3B6A404-90D8-4735-A426-77BA43E7A61A}.Debug|Any CPU.ActiveCfg = Debug|Any CPU
		{C3B6A404-90D8-4735-A426-77BA43E7A61A}.Debug|Any CPU.Build.0 = Debug|Any CPU
		{C3B6A404-90D8-4735-A426-77BA43E7A61A}.Release|Any CPU.ActiveCfg = Release|Any CPU
		{C3B6A404-90D8-4735-A426-77BA43E7A61A}.Release|Any CPU.Build.0 = Release|Any CPU
		{7BDA6C5E-981A-41F0-B665-8B9A74788DD7}.Debug|Any CPU.ActiveCfg = Debug|Any CPU
		{7BDA6C5E-981A-41F0-B665-8B9A74788DD7}.Debug|Any CPU.Build.0 = Debug|Any CPU
		{7BDA6C5E-981A-41F0-B665-8B9A74788DD7}.Release|Any CPU.ActiveCfg = Release|Any CPU
		{7BDA6C5E-981A-41F0-B665-8B9A74788DD7}.Release|Any CPU.Build.0 = Release|Any CPU
		{4A844C70-0F42-4716-A9EB-02DE11E3A473}.Debug|Any CPU.ActiveCfg = Debug|Any CPU
		{4A844C70-0F42-4716-A9EB-02DE11E3A473}.Debug|Any CPU.Build.0 = Debug|Any CPU
		{4A844C70-0F42-4716-A9EB-02DE11E3A473}.Release|Any CPU.ActiveCfg = Release|Any CPU
		{4A844C70-0F42-4716-A9EB-02DE11E3A473}.Release|Any CPU.Build.0 = Release|Any CPU
		{FBA9572A-E742-4D49-AADE-5C30633A4F6B}.Debug|Any CPU.ActiveCfg = Debug|Any CPU
		{FBA9572A-E742-4D49-AADE-5C30633A4F6B}.Debug|Any CPU.Build.0 = Debug|Any CPU
		{FBA9572A-E742-4D49-AADE-5C30633A4F6B}.Release|Any CPU.ActiveCfg = Release|Any CPU
		{FBA9572A-E742-4D49-AADE-5C30633A4F6B}.Release|Any CPU.Build.0 = Release|Any CPU
		{FBD2F04A-2174-4565-A16A-8D45819624B9}.Debug|Any CPU.ActiveCfg = Debug|Any CPU
		{FBD2F04A-2174-4565-A16A-8D45819624B9}.Debug|Any CPU.Build.0 = Debug|Any CPU
		{FBD2F04A-2174-4565-A16A-8D45819624B9}.Release|Any CPU.ActiveCfg = Release|Any CPU
		{FBD2F04A-2174-4565-A16A-8D45819624B9}.Release|Any CPU.Build.0 = Release|Any CPU
		{BC26B094-B431-46F9-8856-E021B068563E}.Debug|Any CPU.ActiveCfg = Debug|Any CPU
		{BC26B094-B431-46F9-8856-E021B068563E}.Debug|Any CPU.Build.0 = Debug|Any CPU
		{BC26B094-B431-46F9-8856-E021B068563E}.Release|Any CPU.ActiveCfg = Release|Any CPU
		{BC26B094-B431-46F9-8856-E021B068563E}.Release|Any CPU.Build.0 = Release|Any CPU
		{2C0449C5-262C-4503-BCBF-F576A5CB22BA}.Debug|Any CPU.ActiveCfg = Debug|Any CPU
		{2C0449C5-262C-4503-BCBF-F576A5CB22BA}.Debug|Any CPU.Build.0 = Debug|Any CPU
		{2C0449C5-262C-4503-BCBF-F576A5CB22BA}.Release|Any CPU.ActiveCfg = Release|Any CPU
		{2C0449C5-262C-4503-BCBF-F576A5CB22BA}.Release|Any CPU.Build.0 = Release|Any CPU
		{54C81F65-D2C3-4D69-97C6-C90BCC41ED22}.Debug|Any CPU.ActiveCfg = Debug|Any CPU
		{54C81F65-D2C3-4D69-97C6-C90BCC41ED22}.Debug|Any CPU.Build.0 = Debug|Any CPU
		{54C81F65-D2C3-4D69-97C6-C90BCC41ED22}.Release|Any CPU.ActiveCfg = Release|Any CPU
		{54C81F65-D2C3-4D69-97C6-C90BCC41ED22}.Release|Any CPU.Build.0 = Release|Any CPU
		{B729A028-7EEE-49F7-A228-5010A285C145}.Debug|Any CPU.ActiveCfg = Debug|Any CPU
		{B729A028-7EEE-49F7-A228-5010A285C145}.Debug|Any CPU.Build.0 = Debug|Any CPU
		{B729A028-7EEE-49F7-A228-5010A285C145}.Release|Any CPU.ActiveCfg = Release|Any CPU
		{B729A028-7EEE-49F7-A228-5010A285C145}.Release|Any CPU.Build.0 = Release|Any CPU
		{3F6D5515-80E5-484F-A552-B29D53AFB179}.Debug|Any CPU.ActiveCfg = Debug|Any CPU
		{3F6D5515-80E5-484F-A552-B29D53AFB179}.Debug|Any CPU.Build.0 = Debug|Any CPU
		{3F6D5515-80E5-484F-A552-B29D53AFB179}.Release|Any CPU.ActiveCfg = Release|Any CPU
		{3F6D5515-80E5-484F-A552-B29D53AFB179}.Release|Any CPU.Build.0 = Release|Any CPU
		{A4B08ED8-5F41-464A-A626-A6824F100021}.Debug|Any CPU.ActiveCfg = Debug|Any CPU
		{A4B08ED8-5F41-464A-A626-A6824F100021}.Debug|Any CPU.Build.0 = Debug|Any CPU
		{A4B08ED8-5F41-464A-A626-A6824F100021}.Release|Any CPU.ActiveCfg = Release|Any CPU
		{A4B08ED8-5F41-464A-A626-A6824F100021}.Release|Any CPU.Build.0 = Release|Any CPU
		{615D0F44-C4A7-4C8D-BAC3-CE244FE0615C}.Debug|Any CPU.ActiveCfg = Debug|Any CPU
		{615D0F44-C4A7-4C8D-BAC3-CE244FE0615C}.Debug|Any CPU.Build.0 = Debug|Any CPU
		{615D0F44-C4A7-4C8D-BAC3-CE244FE0615C}.Release|Any CPU.ActiveCfg = Release|Any CPU
		{615D0F44-C4A7-4C8D-BAC3-CE244FE0615C}.Release|Any CPU.Build.0 = Release|Any CPU
		{9CD0EF9E-8233-47D1-9008-819322C2DF09}.Debug|Any CPU.ActiveCfg = Debug|Any CPU
		{9CD0EF9E-8233-47D1-9008-819322C2DF09}.Debug|Any CPU.Build.0 = Debug|Any CPU
		{9CD0EF9E-8233-47D1-9008-819322C2DF09}.Release|Any CPU.ActiveCfg = Release|Any CPU
		{9CD0EF9E-8233-47D1-9008-819322C2DF09}.Release|Any CPU.Build.0 = Release|Any CPU
		{A13D6DB3-90A4-402A-A4FB-F6F22E149CC6}.Debug|Any CPU.ActiveCfg = Debug|Any CPU
		{A13D6DB3-90A4-402A-A4FB-F6F22E149CC6}.Debug|Any CPU.Build.0 = Debug|Any CPU
		{A13D6DB3-90A4-402A-A4FB-F6F22E149CC6}.Release|Any CPU.ActiveCfg = Release|Any CPU
		{A13D6DB3-90A4-402A-A4FB-F6F22E149CC6}.Release|Any CPU.Build.0 = Release|Any CPU
		{AEEE32C6-2925-4311-8EE3-2BFEFE289944}.Debug|Any CPU.ActiveCfg = Debug|Any CPU
		{AEEE32C6-2925-4311-8EE3-2BFEFE289944}.Debug|Any CPU.Build.0 = Debug|Any CPU
		{AEEE32C6-2925-4311-8EE3-2BFEFE289944}.Release|Any CPU.ActiveCfg = Release|Any CPU
		{AEEE32C6-2925-4311-8EE3-2BFEFE289944}.Release|Any CPU.Build.0 = Release|Any CPU
		{1A8EBEAA-65A2-4853-AFCA-95173535584C}.Debug|Any CPU.ActiveCfg = Debug|Any CPU
		{1A8EBEAA-65A2-4853-AFCA-95173535584C}.Debug|Any CPU.Build.0 = Debug|Any CPU
		{1A8EBEAA-65A2-4853-AFCA-95173535584C}.Release|Any CPU.ActiveCfg = Release|Any CPU
		{1A8EBEAA-65A2-4853-AFCA-95173535584C}.Release|Any CPU.Build.0 = Release|Any CPU
		{CA0DAD70-67DC-4D82-B1C1-42597D944358}.Debug|Any CPU.ActiveCfg = Debug|Any CPU
		{CA0DAD70-67DC-4D82-B1C1-42597D944358}.Debug|Any CPU.Build.0 = Debug|Any CPU
		{CA0DAD70-67DC-4D82-B1C1-42597D944358}.Release|Any CPU.ActiveCfg = Release|Any CPU
		{CA0DAD70-67DC-4D82-B1C1-42597D944358}.Release|Any CPU.Build.0 = Release|Any CPU
		{E9BD9FD1-1731-4DFD-8A0A-777F75C04D38}.Debug|Any CPU.ActiveCfg = Debug|Any CPU
		{E9BD9FD1-1731-4DFD-8A0A-777F75C04D38}.Debug|Any CPU.Build.0 = Debug|Any CPU
		{E9BD9FD1-1731-4DFD-8A0A-777F75C04D38}.Release|Any CPU.ActiveCfg = Release|Any CPU
		{E9BD9FD1-1731-4DFD-8A0A-777F75C04D38}.Release|Any CPU.Build.0 = Release|Any CPU
		{CF746F05-8823-4EB1-80B7-300A08899C9D}.Debug|Any CPU.ActiveCfg = Debug|Any CPU
		{CF746F05-8823-4EB1-80B7-300A08899C9D}.Debug|Any CPU.Build.0 = Debug|Any CPU
		{CF746F05-8823-4EB1-80B7-300A08899C9D}.Release|Any CPU.ActiveCfg = Release|Any CPU
		{CF746F05-8823-4EB1-80B7-300A08899C9D}.Release|Any CPU.Build.0 = Release|Any CPU
		{491CB1A4-7F1C-428B-BE09-A31F6042FE84}.Debug|Any CPU.ActiveCfg = Debug|Any CPU
		{491CB1A4-7F1C-428B-BE09-A31F6042FE84}.Debug|Any CPU.Build.0 = Debug|Any CPU
		{491CB1A4-7F1C-428B-BE09-A31F6042FE84}.Release|Any CPU.ActiveCfg = Release|Any CPU
		{491CB1A4-7F1C-428B-BE09-A31F6042FE84}.Release|Any CPU.Build.0 = Release|Any CPU
		{6CA50D1B-14F8-48E0-AB30-BFCB4F1B366B}.Debug|Any CPU.ActiveCfg = Debug|Any CPU
		{6CA50D1B-14F8-48E0-AB30-BFCB4F1B366B}.Debug|Any CPU.Build.0 = Debug|Any CPU
		{6CA50D1B-14F8-48E0-AB30-BFCB4F1B366B}.Release|Any CPU.ActiveCfg = Release|Any CPU
		{6CA50D1B-14F8-48E0-AB30-BFCB4F1B366B}.Release|Any CPU.Build.0 = Release|Any CPU
		{6B66FEEF-180F-4501-A2C6-D1EFA7854548}.Debug|Any CPU.ActiveCfg = Debug|Any CPU
		{6B66FEEF-180F-4501-A2C6-D1EFA7854548}.Debug|Any CPU.Build.0 = Debug|Any CPU
		{6B66FEEF-180F-4501-A2C6-D1EFA7854548}.Release|Any CPU.ActiveCfg = Release|Any CPU
		{6B66FEEF-180F-4501-A2C6-D1EFA7854548}.Release|Any CPU.Build.0 = Release|Any CPU
		{A04FEDA3-0FD6-45C9-8178-C8F0165A0900}.Debug|Any CPU.ActiveCfg = Debug|Any CPU
		{A04FEDA3-0FD6-45C9-8178-C8F0165A0900}.Debug|Any CPU.Build.0 = Debug|Any CPU
		{A04FEDA3-0FD6-45C9-8178-C8F0165A0900}.Release|Any CPU.ActiveCfg = Release|Any CPU
		{A04FEDA3-0FD6-45C9-8178-C8F0165A0900}.Release|Any CPU.Build.0 = Release|Any CPU
		{AFFC13F7-2F5C-4BF9-8E98-D4B48041CA31}.Debug|Any CPU.ActiveCfg = Debug|Any CPU
		{AFFC13F7-2F5C-4BF9-8E98-D4B48041CA31}.Debug|Any CPU.Build.0 = Debug|Any CPU
		{AFFC13F7-2F5C-4BF9-8E98-D4B48041CA31}.Release|Any CPU.ActiveCfg = Release|Any CPU
		{AFFC13F7-2F5C-4BF9-8E98-D4B48041CA31}.Release|Any CPU.Build.0 = Release|Any CPU
		{4DF5F62C-06A4-4932-8470-9E71D89E95A8}.Debug|Any CPU.ActiveCfg = Debug|Any CPU
		{4DF5F62C-06A4-4932-8470-9E71D89E95A8}.Debug|Any CPU.Build.0 = Debug|Any CPU
		{4DF5F62C-06A4-4932-8470-9E71D89E95A8}.Release|Any CPU.ActiveCfg = Release|Any CPU
		{4DF5F62C-06A4-4932-8470-9E71D89E95A8}.Release|Any CPU.Build.0 = Release|Any CPU
		{50953D0D-BD9A-4F62-B2AE-0F0565DAD273}.Debug|Any CPU.ActiveCfg = Debug|Any CPU
		{50953D0D-BD9A-4F62-B2AE-0F0565DAD273}.Debug|Any CPU.Build.0 = Debug|Any CPU
		{50953D0D-BD9A-4F62-B2AE-0F0565DAD273}.Release|Any CPU.ActiveCfg = Release|Any CPU
		{50953D0D-BD9A-4F62-B2AE-0F0565DAD273}.Release|Any CPU.Build.0 = Release|Any CPU
		{8B66EC6A-8335-4159-8105-A461920E7934}.Debug|Any CPU.ActiveCfg = Debug|Any CPU
		{8B66EC6A-8335-4159-8105-A461920E7934}.Debug|Any CPU.Build.0 = Debug|Any CPU
		{8B66EC6A-8335-4159-8105-A461920E7934}.Release|Any CPU.ActiveCfg = Release|Any CPU
		{8B66EC6A-8335-4159-8105-A461920E7934}.Release|Any CPU.Build.0 = Release|Any CPU
		{F97F5EA9-25FA-4CE2-8CDE-17C63F0CFAA8}.Debug|Any CPU.ActiveCfg = Debug|Any CPU
		{F97F5EA9-25FA-4CE2-8CDE-17C63F0CFAA8}.Debug|Any CPU.Build.0 = Debug|Any CPU
		{F97F5EA9-25FA-4CE2-8CDE-17C63F0CFAA8}.Release|Any CPU.ActiveCfg = Release|Any CPU
		{F97F5EA9-25FA-4CE2-8CDE-17C63F0CFAA8}.Release|Any CPU.Build.0 = Release|Any CPU
	EndGlobalSection
	GlobalSection(SolutionProperties) = preSolution
		HideSolutionNode = FALSE
	EndGlobalSection
	GlobalSection(ExtensibilityGlobals) = postSolution
		SolutionGuid = {1D967EDE-AACF-4514-B199-3FC9247BA3B6}
	EndGlobalSection
EndGlobal
