
Microsoft Visual Studio Solution File, Format Version 12.00
# Visual Studio Version 17
VisualStudioVersion = 17.0.31912.275
MinimumVisualStudioVersion = 10.0.40219.1
Project("{FAE04EC0-301F-11D3-BF4B-00C04F79EFBC}") = "rod", "rod\rod.csproj", "{E4DD4354-F7BF-4C92-9DF6-B455293DB1B1}"
EndProject
Project("{FAE04EC0-301F-11D3-BF4B-00C04F79EFBC}") = "opgave4-60-5-RekursiveMetoder", "opgave4-60-5-RekursiveMetoder\opgave4-60-5-RekursiveMetoder.csproj", "{8B16AA97-E0A7-4A7F-9295-D1E4D327444C}"
EndProject
Project("{FAE04EC0-301F-11D3-BF4B-00C04F79EFBC}") = "opgave5-65-2", "opgave5-65-2\opgave5-65-2.csproj", "{EA527C2E-7623-4AD1-BDB5-6A80DF4AC9CC}"
EndProject
Global
	GlobalSection(SolutionConfigurationPlatforms) = preSolution
		Debug|Any CPU = Debug|Any CPU
		Release|Any CPU = Release|Any CPU
	EndGlobalSection
	GlobalSection(ProjectConfigurationPlatforms) = postSolution
		{E4DD4354-F7BF-4C92-9DF6-B455293DB1B1}.Debug|Any CPU.ActiveCfg = Debug|Any CPU
		{E4DD4354-F7BF-4C92-9DF6-B455293DB1B1}.Debug|Any CPU.Build.0 = Debug|Any CPU
		{E4DD4354-F7BF-4C92-9DF6-B455293DB1B1}.Release|Any CPU.ActiveCfg = Release|Any CPU
		{E4DD4354-F7BF-4C92-9DF6-B455293DB1B1}.Release|Any CPU.Build.0 = Release|Any CPU
		{8B16AA97-E0A7-4A7F-9295-D1E4D327444C}.Debug|Any CPU.ActiveCfg = Debug|Any CPU
		{8B16AA97-E0A7-4A7F-9295-D1E4D327444C}.Debug|Any CPU.Build.0 = Debug|Any CPU
		{8B16AA97-E0A7-4A7F-9295-D1E4D327444C}.Release|Any CPU.ActiveCfg = Release|Any CPU
		{8B16AA97-E0A7-4A7F-9295-D1E4D327444C}.Release|Any CPU.Build.0 = Release|Any CPU
		{EA527C2E-7623-4AD1-BDB5-6A80DF4AC9CC}.Debug|Any CPU.ActiveCfg = Debug|Any CPU
		{EA527C2E-7623-4AD1-BDB5-6A80DF4AC9CC}.Debug|Any CPU.Build.0 = Debug|Any CPU
		{EA527C2E-7623-4AD1-BDB5-6A80DF4AC9CC}.Release|Any CPU.ActiveCfg = Release|Any CPU
		{EA527C2E-7623-4AD1-BDB5-6A80DF4AC9CC}.Release|Any CPU.Build.0 = Release|Any CPU
	EndGlobalSection
	GlobalSection(SolutionProperties) = preSolution
		HideSolutionNode = FALSE
	EndGlobalSection
	GlobalSection(ExtensibilityGlobals) = postSolution
		SolutionGuid = {1D967EDE-AACF-4514-B199-3FC9247BA3B6}
	EndGlobalSection
EndGlobal
